
Microsoft Visual Studio Solution File, Format Version 12.00
# Visual Studio Version 17
VisualStudioVersion = 17.3.32825.248
MinimumVisualStudioVersion = 10.0.40219.1
Project("{8BC9CEB8-8B4A-11D0-8D11-00A0C91BC942}") = "lz8_1", "lz8_1.vcxproj", "{07E2C102-25BF-4A8C-8071-72BB3B39D91C}"
EndProject
Global
	GlobalSection(SolutionConfigurationPlatforms) = preSolution
		Debug|x64 = Debug|x64
		Debug|x86 = Debug|x86
		Release|x64 = Release|x64
		Release|x86 = Release|x86
	EndGlobalSection
	GlobalSection(ProjectConfigurationPlatforms) = postSolution
		{07E2C102-25BF-4A8C-8071-72BB3B39D91C}.Debug|x64.ActiveCfg = Debug|x64
		{07E2C102-25BF-4A8C-8071-72BB3B39D91C}.Debug|x64.Build.0 = Debug|x64
		{07E2C102-25BF-4A8C-8071-72BB3B39D91C}.Debug|x86.ActiveCfg = Debug|Win32
		{07E2C102-25BF-4A8C-8071-72BB3B39D91C}.Debug|x86.Build.0 = Debug|Win32
		{07E2C102-25BF-4A8C-8071-72BB3B39D91C}.Release|x64.ActiveCfg = Release|x64
		{07E2C102-25BF-4A8C-8071-72BB3B39D91C}.Release|x64.Build.0 = Release|x64
		{07E2C102-25BF-4A8C-8071-72BB3B39D91C}.Release|x86.ActiveCfg = Release|Win32
		{07E2C102-25BF-4A8C-8071-72BB3B39D91C}.Release|x86.Build.0 = Release|Win32
	EndGlobalSection
	GlobalSection(SolutionProperties) = preSolution
		HideSolutionNode = FALSE
	EndGlobalSection
	GlobalSection(ExtensibilityGlobals) = postSolution
		SolutionGuid = {0954FE30-1994-4424-AB77-7C9D5DA07285}
	EndGlobalSection
EndGlobal
